
Microsoft Visual Studio Solution File, Format Version 12.00
# Visual Studio 2012
Project("{FAE04EC0-301F-11D3-BF4B-00C04F79EFBC}") = "EPiServerChannelLib", "EPiServerChannelLib\EPiServerChannelLib.csproj", "{2B3A8648-8E1F-4A29-A22E-44505A32C866}"
EndProject
Project("{FAE04EC0-301F-11D3-BF4B-00C04F79EFBC}") = "ImportFromCode", "ImportFromCode\ImportFromCode.csproj", "{A0871638-6DBC-402D-8032-E25C792651D9}"
EndProject
Project("{FAE04EC0-301F-11D3-BF4B-00C04F79EFBC}") = "ImportFromXml", "ImportFromXml\ImportFromXml.csproj", "{FE345F80-026A-4D85-9225-21817060FE38}"
EndProject
Project("{FAE04EC0-301F-11D3-BF4B-00C04F79EFBC}") = "ImportFromDatabase", "ImportFromDatabase\ImportFromDatabase.csproj", "{8B35EC24-B0D3-4C5E-BE23-F5910619A6D1}"
EndProject
Project("{FAE04EC0-301F-11D3-BF4B-00C04F79EFBC}") = "ExportFromEPiServer", "ExportFromEPiServer\ExportFromEPiServer.csproj", "{A7367FFD-5C75-4017-92D7-F1E77D7BFED5}"
EndProject
Global
	GlobalSection(SolutionConfigurationPlatforms) = preSolution
		Debug|Any CPU = Debug|Any CPU
		Release|Any CPU = Release|Any CPU
	EndGlobalSection
	GlobalSection(ProjectConfigurationPlatforms) = postSolution
		{2B3A8648-8E1F-4A29-A22E-44505A32C866}.Debug|Any CPU.ActiveCfg = Debug|Any CPU
		{2B3A8648-8E1F-4A29-A22E-44505A32C866}.Debug|Any CPU.Build.0 = Debug|Any CPU
		{2B3A8648-8E1F-4A29-A22E-44505A32C866}.Release|Any CPU.ActiveCfg = Release|Any CPU
		{2B3A8648-8E1F-4A29-A22E-44505A32C866}.Release|Any CPU.Build.0 = Release|Any CPU
		{A0871638-6DBC-402D-8032-E25C792651D9}.Debug|Any CPU.ActiveCfg = Debug|Any CPU
		{A0871638-6DBC-402D-8032-E25C792651D9}.Debug|Any CPU.Build.0 = Debug|Any CPU
		{A0871638-6DBC-402D-8032-E25C792651D9}.Release|Any CPU.ActiveCfg = Release|Any CPU
		{A0871638-6DBC-402D-8032-E25C792651D9}.Release|Any CPU.Build.0 = Release|Any CPU
		{FE345F80-026A-4D85-9225-21817060FE38}.Debug|Any CPU.ActiveCfg = Debug|Any CPU
		{FE345F80-026A-4D85-9225-21817060FE38}.Debug|Any CPU.Build.0 = Debug|Any CPU
		{FE345F80-026A-4D85-9225-21817060FE38}.Release|Any CPU.ActiveCfg = Release|Any CPU
		{FE345F80-026A-4D85-9225-21817060FE38}.Release|Any CPU.Build.0 = Release|Any CPU
		{8B35EC24-B0D3-4C5E-BE23-F5910619A6D1}.Debug|Any CPU.ActiveCfg = Debug|Any CPU
		{8B35EC24-B0D3-4C5E-BE23-F5910619A6D1}.Debug|Any CPU.Build.0 = Debug|Any CPU
		{8B35EC24-B0D3-4C5E-BE23-F5910619A6D1}.Release|Any CPU.ActiveCfg = Release|Any CPU
		{8B35EC24-B0D3-4C5E-BE23-F5910619A6D1}.Release|Any CPU.Build.0 = Release|Any CPU
		{A7367FFD-5C75-4017-92D7-F1E77D7BFED5}.Debug|Any CPU.ActiveCfg = Debug|Any CPU
		{A7367FFD-5C75-4017-92D7-F1E77D7BFED5}.Debug|Any CPU.Build.0 = Debug|Any CPU
		{A7367FFD-5C75-4017-92D7-F1E77D7BFED5}.Release|Any CPU.ActiveCfg = Release|Any CPU
		{A7367FFD-5C75-4017-92D7-F1E77D7BFED5}.Release|Any CPU.Build.0 = Release|Any CPU
	EndGlobalSection
	GlobalSection(SolutionProperties) = preSolution
		HideSolutionNode = FALSE
	EndGlobalSection
EndGlobal
